
Microsoft Visual Studio Solution File, Format Version 12.00
# Visual Studio 15
VisualStudioVersion = 15.0.28307.645
MinimumVisualStudioVersion = 10.0.40219.1
Project("{FAE04EC0-301F-11D3-BF4B-00C04F79EFBC}") = "BooksAPITest", "BooksAPITest\BooksAPITest.csproj", "{A6304AB8-2F29-4791-93B9-880E21DADDF1}"
EndProject
Global
	GlobalSection(SolutionConfigurationPlatforms) = preSolution
		Debug|Any CPU = Debug|Any CPU
		Release|Any CPU = Release|Any CPU
	EndGlobalSection
	GlobalSection(ProjectConfigurationPlatforms) = postSolution
		{A6304AB8-2F29-4791-93B9-880E21DADDF1}.Debug|Any CPU.ActiveCfg = Debug|Any CPU
		{A6304AB8-2F29-4791-93B9-880E21DADDF1}.Debug|Any CPU.Build.0 = Debug|Any CPU
		{A6304AB8-2F29-4791-93B9-880E21DADDF1}.Release|Any CPU.ActiveCfg = Release|Any CPU
		{A6304AB8-2F29-4791-93B9-880E21DADDF1}.Release|Any CPU.Build.0 = Release|Any CPU
	EndGlobalSection
	GlobalSection(SolutionProperties) = preSolution
		HideSolutionNode = FALSE
	EndGlobalSection
	GlobalSection(ExtensibilityGlobals) = postSolution
		SolutionGuid = {5D4D6A1F-5CCD-4899-85F0-CF1664A1ABB7}
	EndGlobalSection
EndGlobal
